
Microsoft Visual Studio Solution File, Format Version 12.00
# Visual Studio 15
VisualStudioVersion = 15.0.26403.3
MinimumVisualStudioVersion = 10.0.40219.1
Project("{FAE04EC0-301F-11D3-BF4B-00C04F79EFBC}") = "CamReports", "CamReports\CamReports\CamReports.csproj", "{2EACA863-167E-4603-924D-5D7EA11C6CA4}"
EndProject
Project("{FAE04EC0-301F-11D3-BF4B-00C04F79EFBC}") = "CamReports.iOS", "CamReports\CamReports.iOS\CamReports.iOS.csproj", "{24A47FA0-7B2A-461D-8B09-7E2AF8560F90}"
EndProject
Global
	GlobalSection(SolutionConfigurationPlatforms) = preSolution
		Debug|Any CPU = Debug|Any CPU
		Debug|ARM = Debug|ARM
		Debug|iPhone = Debug|iPhone
		Debug|iPhoneSimulator = Debug|iPhoneSimulator
		Debug|x64 = Debug|x64
		Debug|x86 = Debug|x86
		Release|Any CPU = Release|Any CPU
		Release|ARM = Release|ARM
		Release|iPhone = Release|iPhone
		Release|iPhoneSimulator = Release|iPhoneSimulator
		Release|x64 = Release|x64
		Release|x86 = Release|x86
	EndGlobalSection
	GlobalSection(ProjectConfigurationPlatforms) = postSolution
		{2EACA863-167E-4603-924D-5D7EA11C6CA4}.Debug|Any CPU.ActiveCfg = Debug|Any CPU
		{2EACA863-167E-4603-924D-5D7EA11C6CA4}.Debug|Any CPU.Build.0 = Debug|Any CPU
		{2EACA863-167E-4603-924D-5D7EA11C6CA4}.Debug|ARM.ActiveCfg = Debug|Any CPU
		{2EACA863-167E-4603-924D-5D7EA11C6CA4}.Debug|ARM.Build.0 = Debug|Any CPU
		{2EACA863-167E-4603-924D-5D7EA11C6CA4}.Debug|iPhone.ActiveCfg = Debug|Any CPU
		{2EACA863-167E-4603-924D-5D7EA11C6CA4}.Debug|iPhone.Build.0 = Debug|Any CPU
		{2EACA863-167E-4603-924D-5D7EA11C6CA4}.Debug|iPhoneSimulator.ActiveCfg = Debug|Any CPU
		{2EACA863-167E-4603-924D-5D7EA11C6CA4}.Debug|iPhoneSimulator.Build.0 = Debug|Any CPU
		{2EACA863-167E-4603-924D-5D7EA11C6CA4}.Debug|x64.ActiveCfg = Debug|Any CPU
		{2EACA863-167E-4603-924D-5D7EA11C6CA4}.Debug|x64.Build.0 = Debug|Any CPU
		{2EACA863-167E-4603-924D-5D7EA11C6CA4}.Debug|x86.ActiveCfg = Debug|Any CPU
		{2EACA863-167E-4603-924D-5D7EA11C6CA4}.Debug|x86.Build.0 = Debug|Any CPU
		{2EACA863-167E-4603-924D-5D7EA11C6CA4}.Release|Any CPU.ActiveCfg = Release|Any CPU
		{2EACA863-167E-4603-924D-5D7EA11C6CA4}.Release|Any CPU.Build.0 = Release|Any CPU
		{2EACA863-167E-4603-924D-5D7EA11C6CA4}.Release|ARM.ActiveCfg = Release|Any CPU
		{2EACA863-167E-4603-924D-5D7EA11C6CA4}.Release|ARM.Build.0 = Release|Any CPU
		{2EACA863-167E-4603-924D-5D7EA11C6CA4}.Release|iPhone.ActiveCfg = Release|Any CPU
		{2EACA863-167E-4603-924D-5D7EA11C6CA4}.Release|iPhone.Build.0 = Release|Any CPU
		{2EACA863-167E-4603-924D-5D7EA11C6CA4}.Release|iPhoneSimulator.ActiveCfg = Release|Any CPU
		{2EACA863-167E-4603-924D-5D7EA11C6CA4}.Release|iPhoneSimulator.Build.0 = Release|Any CPU
		{2EACA863-167E-4603-924D-5D7EA11C6CA4}.Release|x64.ActiveCfg = Release|Any CPU
		{2EACA863-167E-4603-924D-5D7EA11C6CA4}.Release|x64.Build.0 = Release|Any CPU
		{2EACA863-167E-4603-924D-5D7EA11C6CA4}.Release|x86.ActiveCfg = Release|Any CPU
		{2EACA863-167E-4603-924D-5D7EA11C6CA4}.Release|x86.Build.0 = Release|Any CPU
		{24A47FA0-7B2A-461D-8B09-7E2AF8560F90}.Debug|Any CPU.ActiveCfg = Debug|iPhone
		{24A47FA0-7B2A-461D-8B09-7E2AF8560F90}.Debug|ARM.ActiveCfg = Debug|iPhone
		{24A47FA0-7B2A-461D-8B09-7E2AF8560F90}.Debug|iPhone.ActiveCfg = Debug|iPhoneSimulator
		{24A47FA0-7B2A-461D-8B09-7E2AF8560F90}.Debug|iPhone.Build.0 = Debug|iPhoneSimulator
		{24A47FA0-7B2A-461D-8B09-7E2AF8560F90}.Debug|iPhoneSimulator.ActiveCfg = Debug|iPhoneSimulator
		{24A47FA0-7B2A-461D-8B09-7E2AF8560F90}.Debug|iPhoneSimulator.Build.0 = Debug|iPhoneSimulator
		{24A47FA0-7B2A-461D-8B09-7E2AF8560F90}.Debug|x64.ActiveCfg = Debug|iPhone
		{24A47FA0-7B2A-461D-8B09-7E2AF8560F90}.Debug|x86.ActiveCfg = Debug|iPhone
		{24A47FA0-7B2A-461D-8B09-7E2AF8560F90}.Release|Any CPU.ActiveCfg = Release|iPhone
		{24A47FA0-7B2A-461D-8B09-7E2AF8560F90}.Release|ARM.ActiveCfg = Release|iPhone
		{24A47FA0-7B2A-461D-8B09-7E2AF8560F90}.Release|iPhone.ActiveCfg = Release|iPhone
		{24A47FA0-7B2A-461D-8B09-7E2AF8560F90}.Release|iPhone.Build.0 = Release|iPhone
		{24A47FA0-7B2A-461D-8B09-7E2AF8560F90}.Release|iPhoneSimulator.ActiveCfg = Release|iPhoneSimulator
		{24A47FA0-7B2A-461D-8B09-7E2AF8560F90}.Release|iPhoneSimulator.Build.0 = Release|iPhoneSimulator
		{24A47FA0-7B2A-461D-8B09-7E2AF8560F90}.Release|x64.ActiveCfg = Release|iPhone
		{24A47FA0-7B2A-461D-8B09-7E2AF8560F90}.Release|x86.ActiveCfg = Release|iPhone
	EndGlobalSection
	GlobalSection(SolutionProperties) = preSolution
		HideSolutionNode = FALSE
	EndGlobalSection
	GlobalSection(TeamFoundationVersionControl) = preSolution
		SccNumberOfProjects = 3
		SccEnterpriseProvider = {4CA58AB2-18FA-4F8D-95D4-32DDF27D184C}
		SccTeamFoundationServer = https://kspsystems.visualstudio.com/
		SccLocalPath0 = .
		SccProjectUniqueName1 = CamReports\\CamReports.iOS\\CamReports.iOS.csproj
		SccProjectName1 = CamReports/CamReports.iOS
		SccLocalPath1 = CamReports\\CamReports.iOS
		SccProjectUniqueName2 = CamReports\\CamReports\\CamReports.csproj
		SccProjectName2 = CamReports/CamReports
		SccLocalPath2 = CamReports\\CamReports
	EndGlobalSection
EndGlobal
